// !$*UTF8*$!
{
	archiveVersion = 1;
	classes = {
	};
	objectVersion = 46;
	objects = {

/* Begin PBXBuildFile section */
		83017A5F1EDD61DE00C06496 /* NSObject+Util.swift in Sources */ = {isa = PBXBuildFile; fileRef = 83017A5E1EDD61DE00C06496 /* NSObject+Util.swift */; };
		83017A611EDD650700C06496 /* BaseModel.swift in Sources */ = {isa = PBXBuildFile; fileRef = 83017A601EDD650700C06496 /* BaseModel.swift */; };
		83A9C06A1EDE9AAE00222660 /* FSPublicUtil.swift in Sources */ = {isa = PBXBuildFile; fileRef = 83A9C0691EDE9AAE00222660 /* FSPublicUtil.swift */; };
		83A9C06D1EDEABA500222660 /* InvokeTest.m in Sources */ = {isa = PBXBuildFile; fileRef = 83A9C06C1EDEABA500222660 /* InvokeTest.m */; };
		83B744D61EDAADB90058E115 /* BookMountainEngineManager.swift in Sources */ = {isa = PBXBuildFile; fileRef = 83B744D51EDAADB90058E115 /* BookMountainEngineManager.swift */; };
		83B744DA1EDAB2300058E115 /* BCTBookModel.swift in Sources */ = {isa = PBXBuildFile; fileRef = 83B744D91EDAB2300058E115 /* BCTBookModel.swift */; };
		83B744DC1EDAB3650058E115 /* BCTBookChapterModel.swift in Sources */ = {isa = PBXBuildFile; fileRef = 83B744DB1EDAB3650058E115 /* BCTBookChapterModel.swift */; };
		83B745351EDABCDE0058E115 /* BookAction.swift in Sources */ = {isa = PBXBuildFile; fileRef = 83B745341EDABCDE0058E115 /* BookAction.swift */; };
		83B7456F1EDABCED0058E115 /* NSMutableDictionary+XSDic.m in Sources */ = {isa = PBXBuildFile; fileRef = 83B7453B1EDABCED0058E115 /* NSMutableDictionary+XSDic.m */; };
		83B745701EDABCED0058E115 /* NSObject+BMNotification.m in Sources */ = {isa = PBXBuildFile; fileRef = 83B7453E1EDABCED0058E115 /* NSObject+BMNotification.m */; };
		83B745711EDABCED0058E115 /* NSObject+BMProperty.m in Sources */ = {isa = PBXBuildFile; fileRef = 83B745401EDABCED0058E115 /* NSObject+BMProperty.m */; };
		83B745721EDABCED0058E115 /* NSString+OAURLEncodingAdditions.m in Sources */ = {isa = PBXBuildFile; fileRef = 83B745421EDABCED0058E115 /* NSString+OAURLEncodingAdditions.m */; };
		83B745731EDABCED0058E115 /* BMBaseParam.m in Sources */ = {isa = PBXBuildFile; fileRef = 83B7454A1EDABCED0058E115 /* BMBaseParam.m */; };
		83B745741EDABCED0058E115 /* BMActionManager.m in Sources */ = {isa = PBXBuildFile; fileRef = 83B7454D1EDABCED0058E115 /* BMActionManager.m */; };
		83B745751EDABCED0058E115 /* BMContext.m in Sources */ = {isa = PBXBuildFile; fileRef = 83B7454F1EDABCED0058E115 /* BMContext.m */; };
		83B745761EDABCED0058E115 /* BMAppManager.m in Sources */ = {isa = PBXBuildFile; fileRef = 83B745521EDABCED0058E115 /* BMAppManager.m */; };
		83B745771EDABCED0058E115 /* BMBaseAction.m in Sources */ = {isa = PBXBuildFile; fileRef = 83B745541EDABCED0058E115 /* BMBaseAction.m */; };
		83B745781EDABCED0058E115 /* BMControl.m in Sources */ = {isa = PBXBuildFile; fileRef = 83B745561EDABCED0058E115 /* BMControl.m */; };
		83B745791EDABCED0058E115 /* ServiceInspector_Border.m in Sources */ = {isa = PBXBuildFile; fileRef = 83B7455A1EDABCED0058E115 /* ServiceInspector_Border.m */; };
		83B7457A1EDABCED0058E115 /* ServiceInspector_Indicator.m in Sources */ = {isa = PBXBuildFile; fileRef = 83B7455C1EDABCED0058E115 /* ServiceInspector_Indicator.m */; };
		83B7457B1EDABCED0058E115 /* ServiceInspector_WindowHook.m in Sources */ = {isa = PBXBuildFile; fileRef = 83B7455E1EDABCED0058E115 /* ServiceInspector_WindowHook.m */; };
		83B7457C1EDABCED0058E115 /* BMUIApplication.m in Sources */ = {isa = PBXBuildFile; fileRef = 83B745641EDABCED0058E115 /* BMUIApplication.m */; };
		83B7457D1EDABCED0058E115 /* BMBaseTabBarController.m in Sources */ = {isa = PBXBuildFile; fileRef = 83B745661EDABCED0058E115 /* BMBaseTabBarController.m */; };
		83B7457E1EDABCED0058E115 /* BMBaseTableViewCell.m in Sources */ = {isa = PBXBuildFile; fileRef = 83B745681EDABCED0058E115 /* BMBaseTableViewCell.m */; };
		83B7457F1EDABCED0058E115 /* BMBaseTableViewController.m in Sources */ = {isa = PBXBuildFile; fileRef = 83B7456A1EDABCED0058E115 /* BMBaseTableViewController.m */; };
		83B745801EDABCED0058E115 /* BMBaseView.m in Sources */ = {isa = PBXBuildFile; fileRef = 83B7456C1EDABCED0058E115 /* BMBaseView.m */; };
		83B745811EDABCED0058E115 /* BMBaseViewController.m in Sources */ = {isa = PBXBuildFile; fileRef = 83B7456E1EDABCED0058E115 /* BMBaseViewController.m */; };
		8A5C7ED860C08F80C647C5EC /* Pods_BookMountain.framework in Frameworks */ = {isa = PBXBuildFile; fileRef = 97300C783186AF2CA0B7EB9C /* Pods_BookMountain.framework */; };
		8C40AE3F1ED84D10000C8D2B /* AppDelegate.swift in Sources */ = {isa = PBXBuildFile; fileRef = 8C40AE3E1ED84D10000C8D2B /* AppDelegate.swift */; };
		8C40AE411ED84D10000C8D2B /* ViewController.swift in Sources */ = {isa = PBXBuildFile; fileRef = 8C40AE401ED84D10000C8D2B /* ViewController.swift */; };
		8C40AE441ED84D10000C8D2B /* Main.storyboard in Resources */ = {isa = PBXBuildFile; fileRef = 8C40AE421ED84D10000C8D2B /* Main.storyboard */; };
		8C40AE461ED84D10000C8D2B /* Assets.xcassets in Resources */ = {isa = PBXBuildFile; fileRef = 8C40AE451ED84D10000C8D2B /* Assets.xcassets */; };
		8C40AE491ED84D10000C8D2B /* LaunchScreen.storyboard in Resources */ = {isa = PBXBuildFile; fileRef = 8C40AE471ED84D10000C8D2B /* LaunchScreen.storyboard */; };
		8C40AE541ED84D10000C8D2B /* BookMountainTests.swift in Sources */ = {isa = PBXBuildFile; fileRef = 8C40AE531ED84D10000C8D2B /* BookMountainTests.swift */; };
		8C40AE601ED84E55000C8D2B /* BookMountainSource.swift in Sources */ = {isa = PBXBuildFile; fileRef = 8C40AE5F1ED84E55000C8D2B /* BookMountainSource.swift */; };
		8C40AE621ED85469000C8D2B /* BookParsingPatterns.swift in Sources */ = {isa = PBXBuildFile; fileRef = 8C40AE611ED85469000C8D2B /* BookParsingPatterns.swift */; };
		8C40AE641ED86092000C8D2B /* BookMountainConfiguration.plist in Resources */ = {isa = PBXBuildFile; fileRef = 8C40AE631ED86092000C8D2B /* BookMountainConfiguration.plist */; };
		8C40AE661ED865A1000C8D2B /* BookMountainEngine.swift in Sources */ = {isa = PBXBuildFile; fileRef = 8C40AE651ED865A1000C8D2B /* BookMountainEngine.swift */; };
/* End PBXBuildFile section */

/* Begin PBXContainerItemProxy section */
		8C40AE501ED84D10000C8D2B /* PBXContainerItemProxy */ = {
			isa = PBXContainerItemProxy;
			containerPortal = 8C40AE331ED84D10000C8D2B /* Project object */;
			proxyType = 1;
			remoteGlobalIDString = 8C40AE3A1ED84D10000C8D2B;
			remoteInfo = BookMountain;
		};
/* End PBXContainerItemProxy section */

/* Begin PBXFileReference section */
		65B87CA6C8D1B7B445BF6DC4 /* Pods-BookMountain.debug.xcconfig */ = {isa = PBXFileReference; includeInIndex = 1; lastKnownFileType = text.xcconfig; name = "Pods-BookMountain.debug.xcconfig"; path = "Pods/Target Support Files/Pods-BookMountain/Pods-BookMountain.debug.xcconfig"; sourceTree = "<group>"; };
		83017A5E1EDD61DE00C06496 /* NSObject+Util.swift */ = {isa = PBXFileReference; fileEncoding = 4; lastKnownFileType = sourcecode.swift; path = "NSObject+Util.swift"; sourceTree = "<group>"; };
		83017A601EDD650700C06496 /* BaseModel.swift */ = {isa = PBXFileReference; fileEncoding = 4; lastKnownFileType = sourcecode.swift; path = BaseModel.swift; sourceTree = "<group>"; };
		83A9C0691EDE9AAE00222660 /* FSPublicUtil.swift */ = {isa = PBXFileReference; fileEncoding = 4; lastKnownFileType = sourcecode.swift; path = FSPublicUtil.swift; sourceTree = "<group>"; };
		83A9C06B1EDEABA500222660 /* InvokeTest.h */ = {isa = PBXFileReference; fileEncoding = 4; lastKnownFileType = sourcecode.c.h; path = InvokeTest.h; sourceTree = "<group>"; };
		83A9C06C1EDEABA500222660 /* InvokeTest.m */ = {isa = PBXFileReference; fileEncoding = 4; lastKnownFileType = sourcecode.c.objc; path = InvokeTest.m; sourceTree = "<group>"; };
		83B744D51EDAADB90058E115 /* BookMountainEngineManager.swift */ = {isa = PBXFileReference; fileEncoding = 4; lastKnownFileType = sourcecode.swift; path = BookMountainEngineManager.swift; sourceTree = "<group>"; };
		83B744D91EDAB2300058E115 /* BCTBookModel.swift */ = {isa = PBXFileReference; fileEncoding = 4; lastKnownFileType = sourcecode.swift; path = BCTBookModel.swift; sourceTree = "<group>"; };
		83B744DB1EDAB3650058E115 /* BCTBookChapterModel.swift */ = {isa = PBXFileReference; fileEncoding = 4; lastKnownFileType = sourcecode.swift; path = BCTBookChapterModel.swift; sourceTree = "<group>"; };
		83B745301EDABCB40058E115 /* BookMountain-Bridging-Header.h */ = {isa = PBXFileReference; lastKnownFileType = sourcecode.c.h; path = "BookMountain-Bridging-Header.h"; sourceTree = "<group>"; };
		83B745341EDABCDE0058E115 /* BookAction.swift */ = {isa = PBXFileReference; fileEncoding = 4; lastKnownFileType = sourcecode.swift; path = BookAction.swift; sourceTree = "<group>"; };
		83B745371EDABCED0058E115 /* BMFramework.h */ = {isa = PBXFileReference; fileEncoding = 4; lastKnownFileType = sourcecode.c.h; path = BMFramework.h; sourceTree = "<group>"; };
		83B7453A1EDABCED0058E115 /* NSMutableDictionary+XSDic.h */ = {isa = PBXFileReference; fileEncoding = 4; lastKnownFileType = sourcecode.c.h; path = "NSMutableDictionary+XSDic.h"; sourceTree = "<group>"; };
		83B7453B1EDABCED0058E115 /* NSMutableDictionary+XSDic.m */ = {isa = PBXFileReference; fileEncoding = 4; lastKnownFileType = sourcecode.c.objc; path = "NSMutableDictionary+XSDic.m"; sourceTree = "<group>"; };
		83B7453D1EDABCED0058E115 /* NSObject+BMNotification.h */ = {isa = PBXFileReference; fileEncoding = 4; lastKnownFileType = sourcecode.c.h; path = "NSObject+BMNotification.h"; sourceTree = "<group>"; };
		83B7453E1EDABCED0058E115 /* NSObject+BMNotification.m */ = {isa = PBXFileReference; fileEncoding = 4; lastKnownFileType = sourcecode.c.objc; path = "NSObject+BMNotification.m"; sourceTree = "<group>"; };
		83B7453F1EDABCED0058E115 /* NSObject+BMProperty.h */ = {isa = PBXFileReference; fileEncoding = 4; lastKnownFileType = sourcecode.c.h; path = "NSObject+BMProperty.h"; sourceTree = "<group>"; };
		83B745401EDABCED0058E115 /* NSObject+BMProperty.m */ = {isa = PBXFileReference; fileEncoding = 4; lastKnownFileType = sourcecode.c.objc; path = "NSObject+BMProperty.m"; sourceTree = "<group>"; };
		83B745411EDABCED0058E115 /* NSString+OAURLEncodingAdditions.h */ = {isa = PBXFileReference; fileEncoding = 4; lastKnownFileType = sourcecode.c.h; path = "NSString+OAURLEncodingAdditions.h"; sourceTree = "<group>"; };
		83B745421EDABCED0058E115 /* NSString+OAURLEncodingAdditions.m */ = {isa = PBXFileReference; fileEncoding = 4; lastKnownFileType = sourcecode.c.objc; path = "NSString+OAURLEncodingAdditions.m"; sourceTree = "<group>"; };
		83B745441EDABCED0058E115 /* BMCmdDefine.h */ = {isa = PBXFileReference; fileEncoding = 4; lastKnownFileType = sourcecode.c.h; path = BMCmdDefine.h; sourceTree = "<group>"; };
		83B745451EDABCED0058E115 /* BMDefine.h */ = {isa = PBXFileReference; fileEncoding = 4; lastKnownFileType = sourcecode.c.h; path = BMDefine.h; sourceTree = "<group>"; };
		83B745471EDABCED0058E115 /* NSObjectHead.h */ = {isa = PBXFileReference; fileEncoding = 4; lastKnownFileType = sourcecode.c.h; path = NSObjectHead.h; sourceTree = "<group>"; };
		83B745491EDABCED0058E115 /* BMBaseParam.h */ = {isa = PBXFileReference; fileEncoding = 4; lastKnownFileType = sourcecode.c.h; path = BMBaseParam.h; sourceTree = "<group>"; };
		83B7454A1EDABCED0058E115 /* BMBaseParam.m */ = {isa = PBXFileReference; fileEncoding = 4; lastKnownFileType = sourcecode.c.objc; path = BMBaseParam.m; sourceTree = "<group>"; };
		83B7454C1EDABCED0058E115 /* BMActionManager.h */ = {isa = PBXFileReference; fileEncoding = 4; lastKnownFileType = sourcecode.c.h; path = BMActionManager.h; sourceTree = "<group>"; };
		83B7454D1EDABCED0058E115 /* BMActionManager.m */ = {isa = PBXFileReference; fileEncoding = 4; lastKnownFileType = sourcecode.c.objc; path = BMActionManager.m; sourceTree = "<group>"; };
		83B7454E1EDABCED0058E115 /* BMContext.h */ = {isa = PBXFileReference; fileEncoding = 4; lastKnownFileType = sourcecode.c.h; path = BMContext.h; sourceTree = "<group>"; };
		83B7454F1EDABCED0058E115 /* BMContext.m */ = {isa = PBXFileReference; fileEncoding = 4; lastKnownFileType = sourcecode.c.objc; path = BMContext.m; sourceTree = "<group>"; };
		83B745511EDABCED0058E115 /* BMAppManager.h */ = {isa = PBXFileReference; fileEncoding = 4; lastKnownFileType = sourcecode.c.h; path = BMAppManager.h; sourceTree = "<group>"; };
		83B745521EDABCED0058E115 /* BMAppManager.m */ = {isa = PBXFileReference; fileEncoding = 4; lastKnownFileType = sourcecode.c.objc; path = BMAppManager.m; sourceTree = "<group>"; };
		83B745531EDABCED0058E115 /* BMBaseAction.h */ = {isa = PBXFileReference; fileEncoding = 4; lastKnownFileType = sourcecode.c.h; path = BMBaseAction.h; sourceTree = "<group>"; };
		83B745541EDABCED0058E115 /* BMBaseAction.m */ = {isa = PBXFileReference; fileEncoding = 4; lastKnownFileType = sourcecode.c.objc; path = BMBaseAction.m; sourceTree = "<group>"; };
		83B745551EDABCED0058E115 /* BMControl.h */ = {isa = PBXFileReference; fileEncoding = 4; lastKnownFileType = sourcecode.c.h; path = BMControl.h; sourceTree = "<group>"; };
		83B745561EDABCED0058E115 /* BMControl.m */ = {isa = PBXFileReference; fileEncoding = 4; lastKnownFileType = sourcecode.c.objc; path = BMControl.m; sourceTree = "<group>"; };
		83B745591EDABCED0058E115 /* ServiceInspector_Border.h */ = {isa = PBXFileReference; fileEncoding = 4; lastKnownFileType = sourcecode.c.h; path = ServiceInspector_Border.h; sourceTree = "<group>"; };
		83B7455A1EDABCED0058E115 /* ServiceInspector_Border.m */ = {isa = PBXFileReference; fileEncoding = 4; lastKnownFileType = sourcecode.c.objc; path = ServiceInspector_Border.m; sourceTree = "<group>"; };
		83B7455B1EDABCED0058E115 /* ServiceInspector_Indicator.h */ = {isa = PBXFileReference; fileEncoding = 4; lastKnownFileType = sourcecode.c.h; path = ServiceInspector_Indicator.h; sourceTree = "<group>"; };
		83B7455C1EDABCED0058E115 /* ServiceInspector_Indicator.m */ = {isa = PBXFileReference; fileEncoding = 4; lastKnownFileType = sourcecode.c.objc; path = ServiceInspector_Indicator.m; sourceTree = "<group>"; };
		83B7455D1EDABCED0058E115 /* ServiceInspector_WindowHook.h */ = {isa = PBXFileReference; fileEncoding = 4; lastKnownFileType = sourcecode.c.h; path = ServiceInspector_WindowHook.h; sourceTree = "<group>"; };
		83B7455E1EDABCED0058E115 /* ServiceInspector_WindowHook.m */ = {isa = PBXFileReference; fileEncoding = 4; lastKnownFileType = sourcecode.c.objc; path = ServiceInspector_WindowHook.m; sourceTree = "<group>"; };
		83B745601EDABCED0058E115 /* BMUtilDefine.h */ = {isa = PBXFileReference; fileEncoding = 4; lastKnownFileType = sourcecode.c.h; path = BMUtilDefine.h; sourceTree = "<group>"; };
		83B745631EDABCED0058E115 /* BMUIApplication.h */ = {isa = PBXFileReference; fileEncoding = 4; lastKnownFileType = sourcecode.c.h; path = BMUIApplication.h; sourceTree = "<group>"; };
		83B745641EDABCED0058E115 /* BMUIApplication.m */ = {isa = PBXFileReference; fileEncoding = 4; lastKnownFileType = sourcecode.c.objc; path = BMUIApplication.m; sourceTree = "<group>"; };
		83B745651EDABCED0058E115 /* BMBaseTabBarController.h */ = {isa = PBXFileReference; fileEncoding = 4; lastKnownFileType = sourcecode.c.h; path = BMBaseTabBarController.h; sourceTree = "<group>"; };
		83B745661EDABCED0058E115 /* BMBaseTabBarController.m */ = {isa = PBXFileReference; fileEncoding = 4; lastKnownFileType = sourcecode.c.objc; path = BMBaseTabBarController.m; sourceTree = "<group>"; };
		83B745671EDABCED0058E115 /* BMBaseTableViewCell.h */ = {isa = PBXFileReference; fileEncoding = 4; lastKnownFileType = sourcecode.c.h; path = BMBaseTableViewCell.h; sourceTree = "<group>"; };
		83B745681EDABCED0058E115 /* BMBaseTableViewCell.m */ = {isa = PBXFileReference; fileEncoding = 4; lastKnownFileType = sourcecode.c.objc; path = BMBaseTableViewCell.m; sourceTree = "<group>"; };
		83B745691EDABCED0058E115 /* BMBaseTableViewController.h */ = {isa = PBXFileReference; fileEncoding = 4; lastKnownFileType = sourcecode.c.h; path = BMBaseTableViewController.h; sourceTree = "<group>"; };
		83B7456A1EDABCED0058E115 /* BMBaseTableViewController.m */ = {isa = PBXFileReference; fileEncoding = 4; lastKnownFileType = sourcecode.c.objc; path = BMBaseTableViewController.m; sourceTree = "<group>"; };
		83B7456B1EDABCED0058E115 /* BMBaseView.h */ = {isa = PBXFileReference; fileEncoding = 4; lastKnownFileType = sourcecode.c.h; path = BMBaseView.h; sourceTree = "<group>"; };
		83B7456C1EDABCED0058E115 /* BMBaseView.m */ = {isa = PBXFileReference; fileEncoding = 4; lastKnownFileType = sourcecode.c.objc; path = BMBaseView.m; sourceTree = "<group>"; };
		83B7456D1EDABCED0058E115 /* BMBaseViewController.h */ = {isa = PBXFileReference; fileEncoding = 4; lastKnownFileType = sourcecode.c.h; path = BMBaseViewController.h; sourceTree = "<group>"; };
		83B7456E1EDABCED0058E115 /* BMBaseViewController.m */ = {isa = PBXFileReference; fileEncoding = 4; lastKnownFileType = sourcecode.c.objc; path = BMBaseViewController.m; sourceTree = "<group>"; };
		8C40AE3B1ED84D10000C8D2B /* BookMountain.app */ = {isa = PBXFileReference; explicitFileType = wrapper.application; includeInIndex = 0; path = BookMountain.app; sourceTree = BUILT_PRODUCTS_DIR; };
		8C40AE3E1ED84D10000C8D2B /* AppDelegate.swift */ = {isa = PBXFileReference; lastKnownFileType = sourcecode.swift; path = AppDelegate.swift; sourceTree = "<group>"; };
		8C40AE401ED84D10000C8D2B /* ViewController.swift */ = {isa = PBXFileReference; lastKnownFileType = sourcecode.swift; path = ViewController.swift; sourceTree = "<group>"; };
		8C40AE431ED84D10000C8D2B /* Base */ = {isa = PBXFileReference; lastKnownFileType = file.storyboard; name = Base; path = Base.lproj/Main.storyboard; sourceTree = "<group>"; };
		8C40AE451ED84D10000C8D2B /* Assets.xcassets */ = {isa = PBXFileReference; lastKnownFileType = folder.assetcatalog; path = Assets.xcassets; sourceTree = "<group>"; };
		8C40AE481ED84D10000C8D2B /* Base */ = {isa = PBXFileReference; lastKnownFileType = file.storyboard; name = Base; path = Base.lproj/LaunchScreen.storyboard; sourceTree = "<group>"; };
		8C40AE4A1ED84D10000C8D2B /* Info.plist */ = {isa = PBXFileReference; lastKnownFileType = text.plist.xml; path = Info.plist; sourceTree = "<group>"; };
		8C40AE4F1ED84D10000C8D2B /* BookMountainTests.xctest */ = {isa = PBXFileReference; explicitFileType = wrapper.cfbundle; includeInIndex = 0; path = BookMountainTests.xctest; sourceTree = BUILT_PRODUCTS_DIR; };
		8C40AE531ED84D10000C8D2B /* BookMountainTests.swift */ = {isa = PBXFileReference; lastKnownFileType = sourcecode.swift; path = BookMountainTests.swift; sourceTree = "<group>"; };
		8C40AE551ED84D10000C8D2B /* Info.plist */ = {isa = PBXFileReference; lastKnownFileType = text.plist.xml; path = Info.plist; sourceTree = "<group>"; };
		8C40AE5F1ED84E55000C8D2B /* BookMountainSource.swift */ = {isa = PBXFileReference; fileEncoding = 4; lastKnownFileType = sourcecode.swift; path = BookMountainSource.swift; sourceTree = "<group>"; };
		8C40AE611ED85469000C8D2B /* BookParsingPatterns.swift */ = {isa = PBXFileReference; fileEncoding = 4; lastKnownFileType = sourcecode.swift; path = BookParsingPatterns.swift; sourceTree = "<group>"; };
		8C40AE631ED86092000C8D2B /* BookMountainConfiguration.plist */ = {isa = PBXFileReference; fileEncoding = 4; lastKnownFileType = text.plist.xml; path = BookMountainConfiguration.plist; sourceTree = "<group>"; };
		8C40AE651ED865A1000C8D2B /* BookMountainEngine.swift */ = {isa = PBXFileReference; fileEncoding = 4; lastKnownFileType = sourcecode.swift; path = BookMountainEngine.swift; sourceTree = "<group>"; };
		97300C783186AF2CA0B7EB9C /* Pods_BookMountain.framework */ = {isa = PBXFileReference; explicitFileType = wrapper.framework; includeInIndex = 0; path = Pods_BookMountain.framework; sourceTree = BUILT_PRODUCTS_DIR; };
		C82ED84AA95C66FC79EFC356 /* Pods-BookMountain.release.xcconfig */ = {isa = PBXFileReference; includeInIndex = 1; lastKnownFileType = text.xcconfig; name = "Pods-BookMountain.release.xcconfig"; path = "Pods/Target Support Files/Pods-BookMountain/Pods-BookMountain.release.xcconfig"; sourceTree = "<group>"; };
/* End PBXFileReference section */

/* Begin PBXFrameworksBuildPhase section */
		8C40AE381ED84D10000C8D2B /* Frameworks */ = {
			isa = PBXFrameworksBuildPhase;
			buildActionMask = 2147483647;
			files = (
				8A5C7ED860C08F80C647C5EC /* Pods_BookMountain.framework in Frameworks */,
			);
			runOnlyForDeploymentPostprocessing = 0;
		};
		8C40AE4C1ED84D10000C8D2B /* Frameworks */ = {
			isa = PBXFrameworksBuildPhase;
			buildActionMask = 2147483647;
			files = (
			);
			runOnlyForDeploymentPostprocessing = 0;
		};
/* End PBXFrameworksBuildPhase section */

/* Begin PBXGroup section */
		74716E378DBED57EAAD138E8 /* Pods */ = {
			isa = PBXGroup;
			children = (
				65B87CA6C8D1B7B445BF6DC4 /* Pods-BookMountain.debug.xcconfig */,
				C82ED84AA95C66FC79EFC356 /* Pods-BookMountain.release.xcconfig */,
			);
			name = Pods;
			sourceTree = "<group>";
		};
		83017A5D1EDD61AF00C06496 /* Util */ = {
			isa = PBXGroup;
			children = (
				83017A5E1EDD61DE00C06496 /* NSObject+Util.swift */,
				83A9C06B1EDEABA500222660 /* InvokeTest.h */,
				83A9C06C1EDEABA500222660 /* InvokeTest.m */,
			);
			path = Util;
			sourceTree = "<group>";
		};
		83B744D81EDAB2160058E115 /* Model */ = {
			isa = PBXGroup;
			children = (
				83B744D91EDAB2300058E115 /* BCTBookModel.swift */,
				83B744DB1EDAB3650058E115 /* BCTBookChapterModel.swift */,
				83017A601EDD650700C06496 /* BaseModel.swift */,
			);
			path = Model;
			sourceTree = "<group>";
		};
		83B7452C1EDABC440058E115 /* Action */ = {
			isa = PBXGroup;
			children = (
				83B745301EDABCB40058E115 /* BookMountain-Bridging-Header.h */,
				83B745341EDABCDE0058E115 /* BookAction.swift */,
				83A9C0691EDE9AAE00222660 /* FSPublicUtil.swift */,
			);
			path = Action;
			sourceTree = "<group>";
		};
		83B745361EDABCED0058E115 /* BMFramework */ = {
			isa = PBXGroup;
			children = (
				83B745371EDABCED0058E115 /* BMFramework.h */,
				83B745381EDABCED0058E115 /* Common */,
				83B7454B1EDABCED0058E115 /* Context */,
				83B745501EDABCED0058E115 /* Controller */,
				83B745571EDABCED0058E115 /* Services */,
				83B7455F1EDABCED0058E115 /* UtilDefine */,
				83B745611EDABCED0058E115 /* View */,
			);
			path = BMFramework;
			sourceTree = "<group>";
		};
		83B745381EDABCED0058E115 /* Common */ = {
			isa = PBXGroup;
			children = (
				83B745391EDABCED0058E115 /* Categories */,
				83B745431EDABCED0058E115 /* Define */,
				83B745461EDABCED0058E115 /* Head */,
				83B745481EDABCED0058E115 /* Param */,
			);
			path = Common;
			sourceTree = "<group>";
		};
		83B745391EDABCED0058E115 /* Categories */ = {
			isa = PBXGroup;
			children = (
				83B7453A1EDABCED0058E115 /* NSMutableDictionary+XSDic.h */,
				83B7453B1EDABCED0058E115 /* NSMutableDictionary+XSDic.m */,
				83B7453C1EDABCED0058E115 /* NSObject */,
				83B745411EDABCED0058E115 /* NSString+OAURLEncodingAdditions.h */,
				83B745421EDABCED0058E115 /* NSString+OAURLEncodingAdditions.m */,
			);
			path = Categories;
			sourceTree = "<group>";
		};
		83B7453C1EDABCED0058E115 /* NSObject */ = {
			isa = PBXGroup;
			children = (
				83B7453D1EDABCED0058E115 /* NSObject+BMNotification.h */,
				83B7453E1EDABCED0058E115 /* NSObject+BMNotification.m */,
				83B7453F1EDABCED0058E115 /* NSObject+BMProperty.h */,
				83B745401EDABCED0058E115 /* NSObject+BMProperty.m */,
			);
			path = NSObject;
			sourceTree = "<group>";
		};
		83B745431EDABCED0058E115 /* Define */ = {
			isa = PBXGroup;
			children = (
				83B745441EDABCED0058E115 /* BMCmdDefine.h */,
				83B745451EDABCED0058E115 /* BMDefine.h */,
			);
			path = Define;
			sourceTree = "<group>";
		};
		83B745461EDABCED0058E115 /* Head */ = {
			isa = PBXGroup;
			children = (
				83B745471EDABCED0058E115 /* NSObjectHead.h */,
			);
			path = Head;
			sourceTree = "<group>";
		};
		83B745481EDABCED0058E115 /* Param */ = {
			isa = PBXGroup;
			children = (
				83B745491EDABCED0058E115 /* BMBaseParam.h */,
				83B7454A1EDABCED0058E115 /* BMBaseParam.m */,
			);
			path = Param;
			sourceTree = "<group>";
		};
		83B7454B1EDABCED0058E115 /* Context */ = {
			isa = PBXGroup;
			children = (
				83B7454C1EDABCED0058E115 /* BMActionManager.h */,
				83B7454D1EDABCED0058E115 /* BMActionManager.m */,
				83B7454E1EDABCED0058E115 /* BMContext.h */,
				83B7454F1EDABCED0058E115 /* BMContext.m */,
			);
			path = Context;
			sourceTree = "<group>";
		};
		83B745501EDABCED0058E115 /* Controller */ = {
			isa = PBXGroup;
			children = (
				83B745511EDABCED0058E115 /* BMAppManager.h */,
				83B745521EDABCED0058E115 /* BMAppManager.m */,
				83B745531EDABCED0058E115 /* BMBaseAction.h */,
				83B745541EDABCED0058E115 /* BMBaseAction.m */,
				83B745551EDABCED0058E115 /* BMControl.h */,
				83B745561EDABCED0058E115 /* BMControl.m */,
			);
			path = Controller;
			sourceTree = "<group>";
		};
		83B745571EDABCED0058E115 /* Services */ = {
			isa = PBXGroup;
			children = (
				83B745581EDABCED0058E115 /* ServicesInspector */,
			);
			path = Services;
			sourceTree = "<group>";
		};
		83B745581EDABCED0058E115 /* ServicesInspector */ = {
			isa = PBXGroup;
			children = (
				83B745591EDABCED0058E115 /* ServiceInspector_Border.h */,
				83B7455A1EDABCED0058E115 /* ServiceInspector_Border.m */,
				83B7455B1EDABCED0058E115 /* ServiceInspector_Indicator.h */,
				83B7455C1EDABCED0058E115 /* ServiceInspector_Indicator.m */,
				83B7455D1EDABCED0058E115 /* ServiceInspector_WindowHook.h */,
				83B7455E1EDABCED0058E115 /* ServiceInspector_WindowHook.m */,
			);
			path = ServicesInspector;
			sourceTree = "<group>";
		};
		83B7455F1EDABCED0058E115 /* UtilDefine */ = {
			isa = PBXGroup;
			children = (
				83B745601EDABCED0058E115 /* BMUtilDefine.h */,
			);
			path = UtilDefine;
			sourceTree = "<group>";
		};
		83B745611EDABCED0058E115 /* View */ = {
			isa = PBXGroup;
			children = (
				83B745621EDABCED0058E115 /* app */,
				83B745651EDABCED0058E115 /* BMBaseTabBarController.h */,
				83B745661EDABCED0058E115 /* BMBaseTabBarController.m */,
				83B745671EDABCED0058E115 /* BMBaseTableViewCell.h */,
				83B745681EDABCED0058E115 /* BMBaseTableViewCell.m */,
				83B745691EDABCED0058E115 /* BMBaseTableViewController.h */,
				83B7456A1EDABCED0058E115 /* BMBaseTableViewController.m */,
				83B7456B1EDABCED0058E115 /* BMBaseView.h */,
				83B7456C1EDABCED0058E115 /* BMBaseView.m */,
				83B7456D1EDABCED0058E115 /* BMBaseViewController.h */,
				83B7456E1EDABCED0058E115 /* BMBaseViewController.m */,
			);
			path = View;
			sourceTree = "<group>";
		};
		83B745621EDABCED0058E115 /* app */ = {
			isa = PBXGroup;
			children = (
				83B745631EDABCED0058E115 /* BMUIApplication.h */,
				83B745641EDABCED0058E115 /* BMUIApplication.m */,
			);
			path = app;
			sourceTree = "<group>";
		};
		8C40AE321ED84D10000C8D2B = {
			isa = PBXGroup;
			children = (
				83017A5D1EDD61AF00C06496 /* Util */,
				83B745361EDABCED0058E115 /* BMFramework */,
				83B7452C1EDABC440058E115 /* Action */,
				83B744D81EDAB2160058E115 /* Model */,
				8C40AE5E1ED84D85000C8D2B /* BookMountainEngine */,
				8C40AE3D1ED84D10000C8D2B /* BookMountain */,
				8C40AE521ED84D10000C8D2B /* BookMountainTests */,
				8C40AE3C1ED84D10000C8D2B /* Products */,
				74716E378DBED57EAAD138E8 /* Pods */,
				A1CC5EC60A81EF07285144D6 /* Frameworks */,
			);
			sourceTree = "<group>";
		};
		8C40AE3C1ED84D10000C8D2B /* Products */ = {
			isa = PBXGroup;
			children = (
				8C40AE3B1ED84D10000C8D2B /* BookMountain.app */,
				8C40AE4F1ED84D10000C8D2B /* BookMountainTests.xctest */,
			);
			name = Products;
			sourceTree = "<group>";
		};
		8C40AE3D1ED84D10000C8D2B /* BookMountain */ = {
			isa = PBXGroup;
			children = (
				8C40AE3E1ED84D10000C8D2B /* AppDelegate.swift */,
				8C40AE401ED84D10000C8D2B /* ViewController.swift */,
				8C40AE421ED84D10000C8D2B /* Main.storyboard */,
				8C40AE451ED84D10000C8D2B /* Assets.xcassets */,
				8C40AE471ED84D10000C8D2B /* LaunchScreen.storyboard */,
				8C40AE4A1ED84D10000C8D2B /* Info.plist */,
			);
			path = BookMountain;
			sourceTree = "<group>";
		};
		8C40AE521ED84D10000C8D2B /* BookMountainTests */ = {
			isa = PBXGroup;
			children = (
				8C40AE531ED84D10000C8D2B /* BookMountainTests.swift */,
				8C40AE551ED84D10000C8D2B /* Info.plist */,
			);
			path = BookMountainTests;
			sourceTree = "<group>";
		};
		8C40AE5E1ED84D85000C8D2B /* BookMountainEngine */ = {
			isa = PBXGroup;
			children = (
				8C40AE5F1ED84E55000C8D2B /* BookMountainSource.swift */,
				8C40AE611ED85469000C8D2B /* BookParsingPatterns.swift */,
				8C40AE631ED86092000C8D2B /* BookMountainConfiguration.plist */,
				8C40AE651ED865A1000C8D2B /* BookMountainEngine.swift */,
				83B744D51EDAADB90058E115 /* BookMountainEngineManager.swift */,
			);
			path = BookMountainEngine;
			sourceTree = "<group>";
		};
		A1CC5EC60A81EF07285144D6 /* Frameworks */ = {
			isa = PBXGroup;
			children = (
				97300C783186AF2CA0B7EB9C /* Pods_BookMountain.framework */,
			);
			name = Frameworks;
			sourceTree = "<group>";
		};
/* End PBXGroup section */

/* Begin PBXNativeTarget section */
		8C40AE3A1ED84D10000C8D2B /* BookMountain */ = {
			isa = PBXNativeTarget;
			buildConfigurationList = 8C40AE581ED84D10000C8D2B /* Build configuration list for PBXNativeTarget "BookMountain" */;
			buildPhases = (
				FA1000AC64107D6A7164D201 /* [CP] Check Pods Manifest.lock */,
				8C40AE371ED84D10000C8D2B /* Sources */,
				8C40AE381ED84D10000C8D2B /* Frameworks */,
				8C40AE391ED84D10000C8D2B /* Resources */,
				70B44AA4613C28BA3E65AFDA /* [CP] Embed Pods Frameworks */,
				F2D15E810A6EF436DD676E2D /* [CP] Copy Pods Resources */,
			);
			buildRules = (
			);
			dependencies = (
			);
			name = BookMountain;
			productName = BookMountain;
			productReference = 8C40AE3B1ED84D10000C8D2B /* BookMountain.app */;
			productType = "com.apple.product-type.application";
		};
		8C40AE4E1ED84D10000C8D2B /* BookMountainTests */ = {
			isa = PBXNativeTarget;
			buildConfigurationList = 8C40AE5B1ED84D10000C8D2B /* Build configuration list for PBXNativeTarget "BookMountainTests" */;
			buildPhases = (
				8C40AE4B1ED84D10000C8D2B /* Sources */,
				8C40AE4C1ED84D10000C8D2B /* Frameworks */,
				8C40AE4D1ED84D10000C8D2B /* Resources */,
			);
			buildRules = (
			);
			dependencies = (
				8C40AE511ED84D10000C8D2B /* PBXTargetDependency */,
			);
			name = BookMountainTests;
			productName = BookMountainTests;
			productReference = 8C40AE4F1ED84D10000C8D2B /* BookMountainTests.xctest */;
			productType = "com.apple.product-type.bundle.unit-test";
		};
/* End PBXNativeTarget section */

/* Begin PBXProject section */
		8C40AE331ED84D10000C8D2B /* Project object */ = {
			isa = PBXProject;
			attributes = {
				LastSwiftUpdateCheck = 0830;
				LastUpgradeCheck = 0830;
				ORGANIZATIONNAME = "Yiming Dong";
				TargetAttributes = {
					8C40AE3A1ED84D10000C8D2B = {
						CreatedOnToolsVersion = 8.3.2;
						LastSwiftMigration = 0830;
						ProvisioningStyle = Automatic;
					};
					8C40AE4E1ED84D10000C8D2B = {
						CreatedOnToolsVersion = 8.3.2;
						ProvisioningStyle = Automatic;
						TestTargetID = 8C40AE3A1ED84D10000C8D2B;
					};
				};
			};
			buildConfigurationList = 8C40AE361ED84D10000C8D2B /* Build configuration list for PBXProject "BookMountain" */;
			compatibilityVersion = "Xcode 3.2";
			developmentRegion = English;
			hasScannedForEncodings = 0;
			knownRegions = (
				en,
				Base,
			);
			mainGroup = 8C40AE321ED84D10000C8D2B;
			productRefGroup = 8C40AE3C1ED84D10000C8D2B /* Products */;
			projectDirPath = "";
			projectRoot = "";
			targets = (
				8C40AE3A1ED84D10000C8D2B /* BookMountain */,
				8C40AE4E1ED84D10000C8D2B /* BookMountainTests */,
			);
		};
/* End PBXProject section */

/* Begin PBXResourcesBuildPhase section */
		8C40AE391ED84D10000C8D2B /* Resources */ = {
			isa = PBXResourcesBuildPhase;
			buildActionMask = 2147483647;
			files = (
				8C40AE491ED84D10000C8D2B /* LaunchScreen.storyboard in Resources */,
				8C40AE461ED84D10000C8D2B /* Assets.xcassets in Resources */,
				8C40AE441ED84D10000C8D2B /* Main.storyboard in Resources */,
				8C40AE641ED86092000C8D2B /* BookMountainConfiguration.plist in Resources */,
			);
			runOnlyForDeploymentPostprocessing = 0;
		};
		8C40AE4D1ED84D10000C8D2B /* Resources */ = {
			isa = PBXResourcesBuildPhase;
			buildActionMask = 2147483647;
			files = (
			);
			runOnlyForDeploymentPostprocessing = 0;
		};
/* End PBXResourcesBuildPhase section */

/* Begin PBXShellScriptBuildPhase section */
		70B44AA4613C28BA3E65AFDA /* [CP] Embed Pods Frameworks */ = {
			isa = PBXShellScriptBuildPhase;
			buildActionMask = 2147483647;
			files = (
			);
			inputPaths = (
			);
			name = "[CP] Embed Pods Frameworks";
			outputPaths = (
			);
			runOnlyForDeploymentPostprocessing = 0;
			shellPath = /bin/sh;
			shellScript = "\"${SRCROOT}/Pods/Target Support Files/Pods-BookMountain/Pods-BookMountain-frameworks.sh\"\n";
			showEnvVarsInLog = 0;
		};
		F2D15E810A6EF436DD676E2D /* [CP] Copy Pods Resources */ = {
			isa = PBXShellScriptBuildPhase;
			buildActionMask = 2147483647;
			files = (
			);
			inputPaths = (
			);
			name = "[CP] Copy Pods Resources";
			outputPaths = (
			);
			runOnlyForDeploymentPostprocessing = 0;
			shellPath = /bin/sh;
			shellScript = "\"${SRCROOT}/Pods/Target Support Files/Pods-BookMountain/Pods-BookMountain-resources.sh\"\n";
			showEnvVarsInLog = 0;
		};
		FA1000AC64107D6A7164D201 /* [CP] Check Pods Manifest.lock */ = {
			isa = PBXShellScriptBuildPhase;
			buildActionMask = 2147483647;
			files = (
			);
			inputPaths = (
			);
			name = "[CP] Check Pods Manifest.lock";
			outputPaths = (
			);
			runOnlyForDeploymentPostprocessing = 0;
			shellPath = /bin/sh;
			shellScript = "diff \"${PODS_PODFILE_DIR_PATH}/Podfile.lock\" \"${PODS_ROOT}/Manifest.lock\" > /dev/null\nif [ $? != 0 ] ; then\n    # print error to STDERR\n    echo \"error: The sandbox is not in sync with the Podfile.lock. Run 'pod install' or update your CocoaPods installation.\" >&2\n    exit 1\nfi\n";
			showEnvVarsInLog = 0;
		};
/* End PBXShellScriptBuildPhase section */

/* Begin PBXSourcesBuildPhase section */
		8C40AE371ED84D10000C8D2B /* Sources */ = {
			isa = PBXSourcesBuildPhase;
			buildActionMask = 2147483647;
			files = (
				83B745741EDABCED0058E115 /* BMActionManager.m in Sources */,
				83B744DC1EDAB3650058E115 /* BCTBookChapterModel.swift in Sources */,
				8C40AE621ED85469000C8D2B /* BookParsingPatterns.swift in Sources */,
				83B745781EDABCED0058E115 /* BMControl.m in Sources */,
				8C40AE411ED84D10000C8D2B /* ViewController.swift in Sources */,
				83B7457D1EDABCED0058E115 /* BMBaseTabBarController.m in Sources */,
				83B7457C1EDABCED0058E115 /* BMUIApplication.m in Sources */,
				83B7457E1EDABCED0058E115 /* BMBaseTableViewCell.m in Sources */,
				8C40AE601ED84E55000C8D2B /* BookMountainSource.swift in Sources */,
				83B7457A1EDABCED0058E115 /* ServiceInspector_Indicator.m in Sources */,
				83B745771EDABCED0058E115 /* BMBaseAction.m in Sources */,
				83B744DA1EDAB2300058E115 /* BCTBookModel.swift in Sources */,
				83B7456F1EDABCED0058E115 /* NSMutableDictionary+XSDic.m in Sources */,
				83B745791EDABCED0058E115 /* ServiceInspector_Border.m in Sources */,
				83B745351EDABCDE0058E115 /* BookAction.swift in Sources */,
				83B745761EDABCED0058E115 /* BMAppManager.m in Sources */,
				83B745711EDABCED0058E115 /* NSObject+BMProperty.m in Sources */,
				83B744D61EDAADB90058E115 /* BookMountainEngineManager.swift in Sources */,
				83B745751EDABCED0058E115 /* BMContext.m in Sources */,
				83A9C06D1EDEABA500222660 /* InvokeTest.m in Sources */,
				83B745721EDABCED0058E115 /* NSString+OAURLEncodingAdditions.m in Sources */,
				83B745801EDABCED0058E115 /* BMBaseView.m in Sources */,
				8C40AE661ED865A1000C8D2B /* BookMountainEngine.swift in Sources */,
				8C40AE3F1ED84D10000C8D2B /* AppDelegate.swift in Sources */,
				83B745701EDABCED0058E115 /* NSObject+BMNotification.m in Sources */,
				83017A611EDD650700C06496 /* BaseModel.swift in Sources */,
				83B7457B1EDABCED0058E115 /* ServiceInspector_WindowHook.m in Sources */,
				83B745731EDABCED0058E115 /* BMBaseParam.m in Sources */,
				83A9C06A1EDE9AAE00222660 /* FSPublicUtil.swift in Sources */,
				83B745811EDABCED0058E115 /* BMBaseViewController.m in Sources */,
				83017A5F1EDD61DE00C06496 /* NSObject+Util.swift in Sources */,
				83B7457F1EDABCED0058E115 /* BMBaseTableViewController.m in Sources */,
			);
			runOnlyForDeploymentPostprocessing = 0;
		};
		8C40AE4B1ED84D10000C8D2B /* Sources */ = {
			isa = PBXSourcesBuildPhase;
			buildActionMask = 2147483647;
			files = (
				8C40AE541ED84D10000C8D2B /* BookMountainTests.swift in Sources */,
			);
			runOnlyForDeploymentPostprocessing = 0;
		};
/* End PBXSourcesBuildPhase section */

/* Begin PBXTargetDependency section */
		8C40AE511ED84D10000C8D2B /* PBXTargetDependency */ = {
			isa = PBXTargetDependency;
			target = 8C40AE3A1ED84D10000C8D2B /* BookMountain */;
			targetProxy = 8C40AE501ED84D10000C8D2B /* PBXContainerItemProxy */;
		};
/* End PBXTargetDependency section */

/* Begin PBXVariantGroup section */
		8C40AE421ED84D10000C8D2B /* Main.storyboard */ = {
			isa = PBXVariantGroup;
			children = (
				8C40AE431ED84D10000C8D2B /* Base */,
			);
			name = Main.storyboard;
			sourceTree = "<group>";
		};
		8C40AE471ED84D10000C8D2B /* LaunchScreen.storyboard */ = {
			isa = PBXVariantGroup;
			children = (
				8C40AE481ED84D10000C8D2B /* Base */,
			);
			name = LaunchScreen.storyboard;
			sourceTree = "<group>";
		};
/* End PBXVariantGroup section */

/* Begin XCBuildConfiguration section */
		8C40AE561ED84D10000C8D2B /* Debug */ = {
			isa = XCBuildConfiguration;
			buildSettings = {
				ALWAYS_SEARCH_USER_PATHS = NO;
				CLANG_ANALYZER_NONNULL = YES;
				CLANG_ANALYZER_NUMBER_OBJECT_CONVERSION = YES_AGGRESSIVE;
				CLANG_CXX_LANGUAGE_STANDARD = "gnu++0x";
				CLANG_CXX_LIBRARY = "libc++";
				CLANG_ENABLE_MODULES = YES;
				CLANG_ENABLE_OBJC_ARC = YES;
				CLANG_WARN_BOOL_CONVERSION = YES;
				CLANG_WARN_CONSTANT_CONVERSION = YES;
				CLANG_WARN_DIRECT_OBJC_ISA_USAGE = YES_ERROR;
				CLANG_WARN_DOCUMENTATION_COMMENTS = YES;
				CLANG_WARN_EMPTY_BODY = YES;
				CLANG_WARN_ENUM_CONVERSION = YES;
				CLANG_WARN_INFINITE_RECURSION = YES;
				CLANG_WARN_INT_CONVERSION = YES;
				CLANG_WARN_OBJC_ROOT_CLASS = YES_ERROR;
				CLANG_WARN_SUSPICIOUS_MOVE = YES;
				CLANG_WARN_UNREACHABLE_CODE = YES;
				CLANG_WARN__DUPLICATE_METHOD_MATCH = YES;
				"CODE_SIGN_IDENTITY[sdk=iphoneos*]" = "iPhone Developer";
				COPY_PHASE_STRIP = NO;
				DEBUG_INFORMATION_FORMAT = dwarf;
				ENABLE_STRICT_OBJC_MSGSEND = YES;
				ENABLE_TESTABILITY = YES;
				GCC_C_LANGUAGE_STANDARD = gnu99;
				GCC_DYNAMIC_NO_PIC = NO;
				GCC_NO_COMMON_BLOCKS = YES;
				GCC_OPTIMIZATION_LEVEL = 0;
				GCC_PREPROCESSOR_DEFINITIONS = (
					"DEBUG=1",
					"$(inherited)",
				);
				GCC_WARN_64_TO_32_BIT_CONVERSION = YES;
				GCC_WARN_ABOUT_RETURN_TYPE = YES_ERROR;
				GCC_WARN_UNDECLARED_SELECTOR = YES;
				GCC_WARN_UNINITIALIZED_AUTOS = YES_AGGRESSIVE;
				GCC_WARN_UNUSED_FUNCTION = YES;
				GCC_WARN_UNUSED_VARIABLE = YES;
				IPHONEOS_DEPLOYMENT_TARGET = 10.3;
				MTL_ENABLE_DEBUG_INFO = YES;
				ONLY_ACTIVE_ARCH = YES;
				SDKROOT = iphoneos;
				SWIFT_ACTIVE_COMPILATION_CONDITIONS = DEBUG;
				SWIFT_OPTIMIZATION_LEVEL = "-Onone";
				TARGETED_DEVICE_FAMILY = "1,2";
			};
			name = Debug;
		};
		8C40AE571ED84D10000C8D2B /* Release */ = {
			isa = XCBuildConfiguration;
			buildSettings = {
				ALWAYS_SEARCH_USER_PATHS = NO;
				CLANG_ANALYZER_NONNULL = YES;
				CLANG_ANALYZER_NUMBER_OBJECT_CONVERSION = YES_AGGRESSIVE;
				CLANG_CXX_LANGUAGE_STANDARD = "gnu++0x";
				CLANG_CXX_LIBRARY = "libc++";
				CLANG_ENABLE_MODULES = YES;
				CLANG_ENABLE_OBJC_ARC = YES;
				CLANG_WARN_BOOL_CONVERSION = YES;
				CLANG_WARN_CONSTANT_CONVERSION = YES;
				CLANG_WARN_DIRECT_OBJC_ISA_USAGE = YES_ERROR;
				CLANG_WARN_DOCUMENTATION_COMMENTS = YES;
				CLANG_WARN_EMPTY_BODY = YES;
				CLANG_WARN_ENUM_CONVERSION = YES;
				CLANG_WARN_INFINITE_RECURSION = YES;
				CLANG_WARN_INT_CONVERSION = YES;
				CLANG_WARN_OBJC_ROOT_CLASS = YES_ERROR;
				CLANG_WARN_SUSPICIOUS_MOVE = YES;
				CLANG_WARN_UNREACHABLE_CODE = YES;
				CLANG_WARN__DUPLICATE_METHOD_MATCH = YES;
				"CODE_SIGN_IDENTITY[sdk=iphoneos*]" = "iPhone Developer";
				COPY_PHASE_STRIP = NO;
				DEBUG_INFORMATION_FORMAT = "dwarf-with-dsym";
				ENABLE_NS_ASSERTIONS = NO;
				ENABLE_STRICT_OBJC_MSGSEND = YES;
				GCC_C_LANGUAGE_STANDARD = gnu99;
				GCC_NO_COMMON_BLOCKS = YES;
				GCC_WARN_64_TO_32_BIT_CONVERSION = YES;
				GCC_WARN_ABOUT_RETURN_TYPE = YES_ERROR;
				GCC_WARN_UNDECLARED_SELECTOR = YES;
				GCC_WARN_UNINITIALIZED_AUTOS = YES_AGGRESSIVE;
				GCC_WARN_UNUSED_FUNCTION = YES;
				GCC_WARN_UNUSED_VARIABLE = YES;
				IPHONEOS_DEPLOYMENT_TARGET = 10.3;
				MTL_ENABLE_DEBUG_INFO = NO;
				SDKROOT = iphoneos;
				SWIFT_OPTIMIZATION_LEVEL = "-Owholemodule";
				TARGETED_DEVICE_FAMILY = "1,2";
				VALIDATE_PRODUCT = YES;
			};
			name = Release;
		};
		8C40AE591ED84D10000C8D2B /* Debug */ = {
			isa = XCBuildConfiguration;
			baseConfigurationReference = 65B87CA6C8D1B7B445BF6DC4 /* Pods-BookMountain.debug.xcconfig */;
			buildSettings = {
				ASSETCATALOG_COMPILER_APPICON_NAME = AppIcon;
				CLANG_ENABLE_MODULES = YES;
				"CODE_SIGN_IDENTITY[sdk=iphoneos*]" = "iPhone Developer";
				DEFINES_MODULE = YES;
				DEVELOPMENT_TEAM = "";
				INFOPLIST_FILE = BookMountain/Info.plist;
				IPHONEOS_DEPLOYMENT_TARGET = 9.0;
				LD_RUNPATH_SEARCH_PATHS = "$(inherited) @executable_path/Frameworks";
				PRODUCT_BUNDLE_IDENTIFIER = com.dym.BookMountain;
				PRODUCT_NAME = "$(TARGET_NAME)";
				PROVISIONING_PROFILE_SPECIFIER = "";
				SWIFT_OBJC_BRIDGING_HEADER = "Action/BookMountain-Bridging-Header.h";
				SWIFT_OPTIMIZATION_LEVEL = "-Onone";
				SWIFT_VERSION = 3.0;
			};
			name = Debug;
		};
		8C40AE5A1ED84D10000C8D2B /* Release */ = {
			isa = XCBuildConfiguration;
			baseConfigurationReference = C82ED84AA95C66FC79EFC356 /* Pods-BookMountain.release.xcconfig */;
			buildSettings = {
				ASSETCATALOG_COMPILER_APPICON_NAME = AppIcon;
				CLANG_ENABLE_MODULES = YES;
				"CODE_SIGN_IDENTITY[sdk=iphoneos*]" = "iPhone Developer";
				DEFINES_MODULE = YES;
				DEVELOPMENT_TEAM = "";
				INFOPLIST_FILE = BookMountain/Info.plist;
				IPHONEOS_DEPLOYMENT_TARGET = 9.0;
				LD_RUNPATH_SEARCH_PATHS = "$(inherited) @executable_path/Frameworks";
				PRODUCT_BUNDLE_IDENTIFIER = com.dym.BookMountain;
				PRODUCT_NAME = "$(TARGET_NAME)";
				PROVISIONING_PROFILE_SPECIFIER = "";
				SWIFT_OBJC_BRIDGING_HEADER = "Action/BookMountain-Bridging-Header.h";
				SWIFT_VERSION = 3.0;
			};
			name = Release;
		};
		8C40AE5C1ED84D10000C8D2B /* Debug */ = {
			isa = XCBuildConfiguration;
			buildSettings = {
				ALWAYS_EMBED_SWIFT_STANDARD_LIBRARIES = YES;
				BUNDLE_LOADER = "$(TEST_HOST)";
				INFOPLIST_FILE = BookMountainTests/Info.plist;
				LD_RUNPATH_SEARCH_PATHS = "$(inherited) @executable_path/Frameworks @loader_path/Frameworks";
				PRODUCT_BUNDLE_IDENTIFIER = com.dym.BookMountainTests;
				PRODUCT_NAME = "$(TARGET_NAME)";
				SWIFT_VERSION = 3.0;
				TEST_HOST = "$(BUILT_PRODUCTS_DIR)/BookMountain.app/BookMountain";
			};
			name = Debug;
		};
		8C40AE5D1ED84D10000C8D2B /* Release */ = {
			isa = XCBuildConfiguration;
			buildSettings = {
				ALWAYS_EMBED_SWIFT_STANDARD_LIBRARIES = YES;
				BUNDLE_LOADER = "$(TEST_HOST)";
				INFOPLIST_FILE = BookMountainTests/Info.plist;
				LD_RUNPATH_SEARCH_PATHS = "$(inherited) @executable_path/Frameworks @loader_path/Frameworks";
				PRODUCT_BUNDLE_IDENTIFIER = com.dym.BookMountainTests;
				PRODUCT_NAME = "$(TARGET_NAME)";
				SWIFT_VERSION = 3.0;
				TEST_HOST = "$(BUILT_PRODUCTS_DIR)/BookMountain.app/BookMountain";
			};
			name = Release;
		};
/* End XCBuildConfiguration section */

/* Begin XCConfigurationList section */
		8C40AE361ED84D10000C8D2B /* Build configuration list for PBXProject "BookMountain" */ = {
			isa = XCConfigurationList;
			buildConfigurations = (
				8C40AE561ED84D10000C8D2B /* Debug */,
				8C40AE571ED84D10000C8D2B /* Release */,
			);
			defaultConfigurationIsVisible = 0;
			defaultConfigurationName = Release;
		};
		8C40AE581ED84D10000C8D2B /* Build configuration list for PBXNativeTarget "BookMountain" */ = {
			isa = XCConfigurationList;
			buildConfigurations = (
				8C40AE591ED84D10000C8D2B /* Debug */,
				8C40AE5A1ED84D10000C8D2B /* Release */,
			);
			defaultConfigurationIsVisible = 0;
			defaultConfigurationName = Release;
		};
		8C40AE5B1ED84D10000C8D2B /* Build configuration list for PBXNativeTarget "BookMountainTests" */ = {
			isa = XCConfigurationList;
			buildConfigurations = (
				8C40AE5C1ED84D10000C8D2B /* Debug */,
				8C40AE5D1ED84D10000C8D2B /* Release */,
			);
			defaultConfigurationIsVisible = 0;
			defaultConfigurationName = Release;
		};
/* End XCConfigurationList section */
	};
	rootObject = 8C40AE331ED84D10000C8D2B /* Project object */;
}
